<?xml version="1.0" encoding="utf-8"?>
<Project ToolsVersion="4.0" xmlns="http://schemas.microsoft.com/developer/msbuild/2003">
  <ItemGroup>
    <Filter Include="BaseEditorConfig">
      <UniqueIdentifier>{f103de12-d3f8-443e-bcda-13d78a3871a9}</UniqueIdentifier>
    </Filter>
    <Filter Include="BaseEditorConfig\SecondaryEditorConfig">
      <UniqueIdentifier>{6e5d1839-7cb3-404d-95c7-98ffb4a8cf33}</UniqueIdentifier>
    </Filter>
  </ItemGroup>
  <ItemGroup>
    <ClInclude Include="BaseEditorConfig\CHeader.h">
      <Filter>BaseEditorConfig</Filter>
    </ClInclude>
    <ClInclude Include="BaseEditorConfig\SecondaryEditorConfig\SecondaryCHeader.h">
      <Filter>BaseEditorConfig\SecondaryEditorConfig</Filter>
    </ClInclude>
  </ItemGroup>
  <ItemGroup>
    <None Include="BaseEditorConfig\Javascript.js">
      <Filter>BaseEditorConfig</Filter>
    </None>
    <None Include="BaseEditorConfig\Python.py">
      <Filter>BaseEditorConfig</Filter>
    </None>
    <None Include="..\.editorconfig" />
    <None Include="BaseEditorConfig\SecondaryEditorConfig\.editorconfig">
      <Filter>BaseEditorConfig\SecondaryEditorConfig</Filter>
    </None>
  </ItemGroup>
  <ItemGroup>
    <ClCompile Include="BaseEditorConfig\CSource.cpp">
      <Filter>BaseEditorConfig</Filter>
    </ClCompile>
    <ClCompile Include="BaseEditorConfig\SecondaryEditorConfig\SecondaryCSource.cpp">
      <Filter>BaseEditorConfig\SecondaryEditorConfig</Filter>
    </ClCompile>
  </ItemGroup>
  <ItemGroup>
    <Xml Include="BaseEditorConfig\Xml.xml">
      <Filter>BaseEditorConfig</Filter>
    </Xml>
  </ItemGroup>
</Project>